
Microsoft Visual Studio Solution File, Format Version 12.00
# Visual Studio Version 17
VisualStudioVersion = 17.2.32526.322
MinimumVisualStudioVersion = 10.0.40219.1
Project("{9A19103F-16F7-4668-BE54-9A1E7A4F7556}") = "BlazorTarefas", "BlazorTarefas\BlazorTarefas.csproj", "{05EBBC25-3CAB-4C26-BD2F-52E9A386BC34}"
EndProject
Project("{9A19103F-16F7-4668-BE54-9A1E7A4F7556}") = "BlazorCicloVida", "BlazorCicloVida\BlazorCicloVida.csproj", "{C6EEB2E8-5E34-461F-AD20-481A2A366751}"
EndProject
Project("{FAE04EC0-301F-11D3-BF4B-00C04F79EFBC}") = "BlazorInjecaoDependencia", "BlazorInjecaoDependencia\BlazorInjecaoDependencia.csproj", "{8293BB5A-6A5C-475F-B25D-625F30C43B36}"
EndProject
Project("{FAE04EC0-301F-11D3-BF4B-00C04F79EFBC}") = "BlazorCodeBehind", "BlazorCodeBehind\BlazorCodeBehind.csproj", "{A3177251-588E-4CD4-A839-B03D305986D2}"
EndProject
Project("{FAE04EC0-301F-11D3-BF4B-00C04F79EFBC}") = "BlazorLayout", "BlazorLayout\BlazorLayout.csproj", "{7559F7DE-C0BE-49E4-96DE-0392397EF5BF}"
EndProject
Global
	GlobalSection(SolutionConfigurationPlatforms) = preSolution
		Debug|Any CPU = Debug|Any CPU
		Release|Any CPU = Release|Any CPU
	EndGlobalSection
	GlobalSection(ProjectConfigurationPlatforms) = postSolution
		{05EBBC25-3CAB-4C26-BD2F-52E9A386BC34}.Debug|Any CPU.ActiveCfg = Debug|Any CPU
		{05EBBC25-3CAB-4C26-BD2F-52E9A386BC34}.Debug|Any CPU.Build.0 = Debug|Any CPU
		{05EBBC25-3CAB-4C26-BD2F-52E9A386BC34}.Release|Any CPU.ActiveCfg = Release|Any CPU
		{05EBBC25-3CAB-4C26-BD2F-52E9A386BC34}.Release|Any CPU.Build.0 = Release|Any CPU
		{C6EEB2E8-5E34-461F-AD20-481A2A366751}.Debug|Any CPU.ActiveCfg = Debug|Any CPU
		{C6EEB2E8-5E34-461F-AD20-481A2A366751}.Debug|Any CPU.Build.0 = Debug|Any CPU
		{C6EEB2E8-5E34-461F-AD20-481A2A366751}.Release|Any CPU.ActiveCfg = Release|Any CPU
		{C6EEB2E8-5E34-461F-AD20-481A2A366751}.Release|Any CPU.Build.0 = Release|Any CPU
		{8293BB5A-6A5C-475F-B25D-625F30C43B36}.Debug|Any CPU.ActiveCfg = Debug|Any CPU
		{8293BB5A-6A5C-475F-B25D-625F30C43B36}.Debug|Any CPU.Build.0 = Debug|Any CPU
		{8293BB5A-6A5C-475F-B25D-625F30C43B36}.Release|Any CPU.ActiveCfg = Release|Any CPU
		{8293BB5A-6A5C-475F-B25D-625F30C43B36}.Release|Any CPU.Build.0 = Release|Any CPU
		{A3177251-588E-4CD4-A839-B03D305986D2}.Debug|Any CPU.ActiveCfg = Debug|Any CPU
		{A3177251-588E-4CD4-A839-B03D305986D2}.Debug|Any CPU.Build.0 = Debug|Any CPU
		{A3177251-588E-4CD4-A839-B03D305986D2}.Release|Any CPU.ActiveCfg = Release|Any CPU
		{A3177251-588E-4CD4-A839-B03D305986D2}.Release|Any CPU.Build.0 = Release|Any CPU
		{7559F7DE-C0BE-49E4-96DE-0392397EF5BF}.Debug|Any CPU.ActiveCfg = Debug|Any CPU
		{7559F7DE-C0BE-49E4-96DE-0392397EF5BF}.Debug|Any CPU.Build.0 = Debug|Any CPU
		{7559F7DE-C0BE-49E4-96DE-0392397EF5BF}.Release|Any CPU.ActiveCfg = Release|Any CPU
		{7559F7DE-C0BE-49E4-96DE-0392397EF5BF}.Release|Any CPU.Build.0 = Release|Any CPU
	EndGlobalSection
	GlobalSection(SolutionProperties) = preSolution
		HideSolutionNode = FALSE
	EndGlobalSection
	GlobalSection(ExtensibilityGlobals) = postSolution
		SolutionGuid = {E1F1DCAC-BEA2-4907-883B-31B73BD49D2C}
	EndGlobalSection
EndGlobal
